
Microsoft Visual Studio Solution File, Format Version 12.00
# Visual Studio Version 16
VisualStudioVersion = 16.0.30804.86
MinimumVisualStudioVersion = 10.0.40219.1
Project("{FAE04EC0-301F-11D3-BF4B-00C04F79EFBC}") = "PersonelMVCUI", "PersonelMVCUI\PersonelMVCUI.csproj", "{3CC47956-B383-4824-A5F6-1BE0CC83B6E5}"
EndProject
Global
	GlobalSection(SolutionConfigurationPlatforms) = preSolution
		Debug|Any CPU = Debug|Any CPU
		Release|Any CPU = Release|Any CPU
	EndGlobalSection
	GlobalSection(ProjectConfigurationPlatforms) = postSolution
		{3CC47956-B383-4824-A5F6-1BE0CC83B6E5}.Debug|Any CPU.ActiveCfg = Debug|Any CPU
		{3CC47956-B383-4824-A5F6-1BE0CC83B6E5}.Debug|Any CPU.Build.0 = Debug|Any CPU
		{3CC47956-B383-4824-A5F6-1BE0CC83B6E5}.Release|Any CPU.ActiveCfg = Release|Any CPU
		{3CC47956-B383-4824-A5F6-1BE0CC83B6E5}.Release|Any CPU.Build.0 = Release|Any CPU
	EndGlobalSection
	GlobalSection(SolutionProperties) = preSolution
		HideSolutionNode = FALSE
	EndGlobalSection
	GlobalSection(ExtensibilityGlobals) = postSolution
		SolutionGuid = {C50C4AF8-C113-4285-8799-BFADBB90863C}
	EndGlobalSection
EndGlobal
